
Microsoft Visual Studio Solution File, Format Version 10.00
# Visual Studio 2008
Project("{FAE04EC0-301F-11D3-BF4B-00C04F79EFBC}") = "RubiksCube", "RubiksCube\RubiksCube.csproj", "{1604A6DC-9796-4B8C-A1FC-E99391F433BE}"
EndProject
Project("{FAE04EC0-301F-11D3-BF4B-00C04F79EFBC}") = "CubeConsole", "CubeConsole\CubeConsole.csproj", "{D11F16B4-57C3-4D76-8C18-CE61F4D6C2A8}"
EndProject
Project("{FAE04EC0-301F-11D3-BF4B-00C04F79EFBC}") = "RubiksBot", "RubiksBot\RubiksBot.csproj", "{39081A3E-B6D8-4993-91D7-7278461CB1CC}"
EndProject
Global
	GlobalSection(SolutionConfigurationPlatforms) = preSolution
		Debug|Any CPU = Debug|Any CPU
		Release|Any CPU = Release|Any CPU
	EndGlobalSection
	GlobalSection(ProjectConfigurationPlatforms) = postSolution
		{1604A6DC-9796-4B8C-A1FC-E99391F433BE}.Debug|Any CPU.ActiveCfg = Debug|Any CPU
		{1604A6DC-9796-4B8C-A1FC-E99391F433BE}.Debug|Any CPU.Build.0 = Debug|Any CPU
		{1604A6DC-9796-4B8C-A1FC-E99391F433BE}.Release|Any CPU.ActiveCfg = Release|Any CPU
		{1604A6DC-9796-4B8C-A1FC-E99391F433BE}.Release|Any CPU.Build.0 = Release|Any CPU
		{D11F16B4-57C3-4D76-8C18-CE61F4D6C2A8}.Debug|Any CPU.ActiveCfg = Debug|Any CPU
		{D11F16B4-57C3-4D76-8C18-CE61F4D6C2A8}.Debug|Any CPU.Build.0 = Debug|Any CPU
		{D11F16B4-57C3-4D76-8C18-CE61F4D6C2A8}.Release|Any CPU.ActiveCfg = Release|Any CPU
		{D11F16B4-57C3-4D76-8C18-CE61F4D6C2A8}.Release|Any CPU.Build.0 = Release|Any CPU
		{39081A3E-B6D8-4993-91D7-7278461CB1CC}.Debug|Any CPU.ActiveCfg = Debug|Any CPU
		{39081A3E-B6D8-4993-91D7-7278461CB1CC}.Debug|Any CPU.Build.0 = Debug|Any CPU
		{39081A3E-B6D8-4993-91D7-7278461CB1CC}.Release|Any CPU.ActiveCfg = Release|Any CPU
		{39081A3E-B6D8-4993-91D7-7278461CB1CC}.Release|Any CPU.Build.0 = Release|Any CPU
	EndGlobalSection
	GlobalSection(SolutionProperties) = preSolution
		HideSolutionNode = FALSE
	EndGlobalSection
EndGlobal
